
Microsoft Visual Studio Solution File, Format Version 12.00
# Visual Studio Version 17
VisualStudioVersion = 17.12.35527.113
MinimumVisualStudioVersion = 10.0.40219.1
Project("{2150E333-8FDC-42A3-9474-1A3956D46DE8}") = "Moduls", "Moduls", "{C333494F-4307-45E5-8510-DA0DF24472F5}"
EndProject
Project("{2150E333-8FDC-42A3-9474-1A3956D46DE8}") = "Order", "Order", "{9198BBFF-F0CF-4743-8D49-0B5993A55FF3}"
EndProject
Project("{2150E333-8FDC-42A3-9474-1A3956D46DE8}") = "Users", "Users", "{BFAF582B-2A43-43BB-B161-BA32F1EC3B09}"
EndProject
Project("{2150E333-8FDC-42A3-9474-1A3956D46DE8}") = "Products", "Products", "{F09F5A37-EF16-4689-8078-A84007E15896}"
EndProject
Project("{FAE04EC0-301F-11D3-BF4B-00C04F79EFBC}") = "Order.Application", "Order.Application\Order.Application.csproj", "{55974CDB-29F3-478D-8209-8C3E88D3E924}"
EndProject
Project("{FAE04EC0-301F-11D3-BF4B-00C04F79EFBC}") = "Order.Domain", "Order.Domain\Order.Domain.csproj", "{B87F4BA8-0790-49D1-80B3-F36888FCBAEF}"
EndProject
Project("{FAE04EC0-301F-11D3-BF4B-00C04F79EFBC}") = "Order.Infrastructure", "Order.Infrastructure\Order.Infrastructure.csproj", "{3DCD96D6-DA98-4A84-B023-140AB71FC6A1}"
EndProject
Project("{2150E333-8FDC-42A3-9474-1A3956D46DE8}") = "Tests", "Tests", "{E81C801F-03E4-470A-A6D7-95DF2DC5FBDA}"
EndProject
Project("{FAE04EC0-301F-11D3-BF4B-00C04F79EFBC}") = "Order.Domain.unitTests", "Order.Domain.unitTests\Order.Domain.unitTests.csproj", "{43CF92A5-AF2D-4AEC-9D7A-B0B7FECE7D6F}"
EndProject
Project("{FAE04EC0-301F-11D3-BF4B-00C04F79EFBC}") = "Products.API", "Products.API\Products.API.csproj", "{CB5CCA78-B22B-4C19-9BFA-31F515EE95C3}"
EndProject
Project("{FAE04EC0-301F-11D3-BF4B-00C04F79EFBC}") = "Products.Application", "Products.Application\Products.Application.csproj", "{2362A8DB-BAB2-4136-A9E8-733E7D11409D}"
EndProject
Project("{FAE04EC0-301F-11D3-BF4B-00C04F79EFBC}") = "Products.Domain", "Products.Domain\Products.Domain.csproj", "{1FA89183-D8E2-4990-AA56-B602E4CCC9BC}"
EndProject
Project("{FAE04EC0-301F-11D3-BF4B-00C04F79EFBC}") = "Products.Infrastucture", "Products.Infrastucture\Products.Infrastucture.csproj", "{DC509CD5-1864-4A6A-9E6A-AF2E822DC1D8}"
EndProject
Project("{FAE04EC0-301F-11D3-BF4B-00C04F79EFBC}") = "Users.API", "Users.API\Users.API.csproj", "{7F3A9C4A-EBD4-4A09-BFB2-16294253954D}"
EndProject
Project("{FAE04EC0-301F-11D3-BF4B-00C04F79EFBC}") = "Users.Application", "Users.Application\Users.Application.csproj", "{B78C70AB-777C-43A5-87FB-0F8EDCE20C8D}"
EndProject
Project("{FAE04EC0-301F-11D3-BF4B-00C04F79EFBC}") = "Users.Domain", "Users.Domain\Users.Domain.csproj", "{7BEDF2E4-5288-42F5-82E5-B4616E463F85}"
EndProject
Project("{FAE04EC0-301F-11D3-BF4B-00C04F79EFBC}") = "Users.Infrastructure", "Users.Infrastructure\Users.Infrastructure.csproj", "{758089F1-24AD-4526-B26B-0A1BAD3C7C2A}"
EndProject
Project("{2150E333-8FDC-42A3-9474-1A3956D46DE8}") = "BulidngBlocks", "BulidngBlocks", "{884867B6-31BA-4D73-B7A9-A4BE5ED39D3D}"
EndProject
Project("{FAE04EC0-301F-11D3-BF4B-00C04F79EFBC}") = "Order.API", "Order.API\Order.API.csproj", "{5E3C7A9A-6A85-4414-A77B-AB0C93ED0FC1}"
EndProject
Project("{FAE04EC0-301F-11D3-BF4B-00C04F79EFBC}") = "BuildingBlocks.Application", "BuildingBlocks.Application\BuildingBlocks.Application.csproj", "{8DBB151C-236F-4E73-B4FD-EA374385B1A5}"
EndProject
Project("{FAE04EC0-301F-11D3-BF4B-00C04F79EFBC}") = "BuildingBlocks.Domain", "BuildingBlocks.Domain\BuildingBlocks.Domain.csproj", "{6250BD35-DC02-40C1-AD6D-E29F7A075AB7}"
EndProject
Project("{FAE04EC0-301F-11D3-BF4B-00C04F79EFBC}") = "BuildingBlocks.Infrastructure", "BuildingBlocks.Infrastructure\BuildingBlocks.Infrastructure.csproj", "{5DF5B59B-0639-48DE-A51D-806691697795}"
EndProject
Project("{FAE04EC0-301F-11D3-BF4B-00C04F79EFBC}") = "Order.Mock.Infrastructure", "Order.Mock.Infrastructure\Order.Mock.Infrastructure.csproj", "{B3B2FF21-4608-41DB-8B7D-F883F5FD36EA}"
EndProject
Project("{FAE04EC0-301F-11D3-BF4B-00C04F79EFBC}") = "Order.RaportFacotry", "Order.RaportFacotry\Order.RaportFacotry.csproj", "{22FFBCBD-4915-44FD-BE9C-C6224E368D11}"
EndProject
Global
	GlobalSection(SolutionConfigurationPlatforms) = preSolution
		Debug|Any CPU = Debug|Any CPU
		Release|Any CPU = Release|Any CPU
	EndGlobalSection
	GlobalSection(ProjectConfigurationPlatforms) = postSolution
		{55974CDB-29F3-478D-8209-8C3E88D3E924}.Debug|Any CPU.ActiveCfg = Debug|Any CPU
		{55974CDB-29F3-478D-8209-8C3E88D3E924}.Debug|Any CPU.Build.0 = Debug|Any CPU
		{55974CDB-29F3-478D-8209-8C3E88D3E924}.Release|Any CPU.ActiveCfg = Release|Any CPU
		{55974CDB-29F3-478D-8209-8C3E88D3E924}.Release|Any CPU.Build.0 = Release|Any CPU
		{B87F4BA8-0790-49D1-80B3-F36888FCBAEF}.Debug|Any CPU.ActiveCfg = Debug|Any CPU
		{B87F4BA8-0790-49D1-80B3-F36888FCBAEF}.Debug|Any CPU.Build.0 = Debug|Any CPU
		{B87F4BA8-0790-49D1-80B3-F36888FCBAEF}.Release|Any CPU.ActiveCfg = Release|Any CPU
		{B87F4BA8-0790-49D1-80B3-F36888FCBAEF}.Release|Any CPU.Build.0 = Release|Any CPU
		{3DCD96D6-DA98-4A84-B023-140AB71FC6A1}.Debug|Any CPU.ActiveCfg = Debug|Any CPU
		{3DCD96D6-DA98-4A84-B023-140AB71FC6A1}.Debug|Any CPU.Build.0 = Debug|Any CPU
		{3DCD96D6-DA98-4A84-B023-140AB71FC6A1}.Release|Any CPU.ActiveCfg = Release|Any CPU
		{3DCD96D6-DA98-4A84-B023-140AB71FC6A1}.Release|Any CPU.Build.0 = Release|Any CPU
		{43CF92A5-AF2D-4AEC-9D7A-B0B7FECE7D6F}.Debug|Any CPU.ActiveCfg = Debug|Any CPU
		{43CF92A5-AF2D-4AEC-9D7A-B0B7FECE7D6F}.Debug|Any CPU.Build.0 = Debug|Any CPU
		{43CF92A5-AF2D-4AEC-9D7A-B0B7FECE7D6F}.Release|Any CPU.ActiveCfg = Release|Any CPU
		{43CF92A5-AF2D-4AEC-9D7A-B0B7FECE7D6F}.Release|Any CPU.Build.0 = Release|Any CPU
		{CB5CCA78-B22B-4C19-9BFA-31F515EE95C3}.Debug|Any CPU.ActiveCfg = Debug|Any CPU
		{CB5CCA78-B22B-4C19-9BFA-31F515EE95C3}.Debug|Any CPU.Build.0 = Debug|Any CPU
		{CB5CCA78-B22B-4C19-9BFA-31F515EE95C3}.Release|Any CPU.ActiveCfg = Release|Any CPU
		{CB5CCA78-B22B-4C19-9BFA-31F515EE95C3}.Release|Any CPU.Build.0 = Release|Any CPU
		{2362A8DB-BAB2-4136-A9E8-733E7D11409D}.Debug|Any CPU.ActiveCfg = Debug|Any CPU
		{2362A8DB-BAB2-4136-A9E8-733E7D11409D}.Debug|Any CPU.Build.0 = Debug|Any CPU
		{2362A8DB-BAB2-4136-A9E8-733E7D11409D}.Release|Any CPU.ActiveCfg = Release|Any CPU
		{2362A8DB-BAB2-4136-A9E8-733E7D11409D}.Release|Any CPU.Build.0 = Release|Any CPU
		{1FA89183-D8E2-4990-AA56-B602E4CCC9BC}.Debug|Any CPU.ActiveCfg = Debug|Any CPU
		{1FA89183-D8E2-4990-AA56-B602E4CCC9BC}.Debug|Any CPU.Build.0 = Debug|Any CPU
		{1FA89183-D8E2-4990-AA56-B602E4CCC9BC}.Release|Any CPU.ActiveCfg = Release|Any CPU
		{1FA89183-D8E2-4990-AA56-B602E4CCC9BC}.Release|Any CPU.Build.0 = Release|Any CPU
		{DC509CD5-1864-4A6A-9E6A-AF2E822DC1D8}.Debug|Any CPU.ActiveCfg = Debug|Any CPU
		{DC509CD5-1864-4A6A-9E6A-AF2E822DC1D8}.Debug|Any CPU.Build.0 = Debug|Any CPU
		{DC509CD5-1864-4A6A-9E6A-AF2E822DC1D8}.Release|Any CPU.ActiveCfg = Release|Any CPU
		{DC509CD5-1864-4A6A-9E6A-AF2E822DC1D8}.Release|Any CPU.Build.0 = Release|Any CPU
		{7F3A9C4A-EBD4-4A09-BFB2-16294253954D}.Debug|Any CPU.ActiveCfg = Debug|Any CPU
		{7F3A9C4A-EBD4-4A09-BFB2-16294253954D}.Debug|Any CPU.Build.0 = Debug|Any CPU
		{7F3A9C4A-EBD4-4A09-BFB2-16294253954D}.Release|Any CPU.ActiveCfg = Release|Any CPU
		{7F3A9C4A-EBD4-4A09-BFB2-16294253954D}.Release|Any CPU.Build.0 = Release|Any CPU
		{B78C70AB-777C-43A5-87FB-0F8EDCE20C8D}.Debug|Any CPU.ActiveCfg = Debug|Any CPU
		{B78C70AB-777C-43A5-87FB-0F8EDCE20C8D}.Debug|Any CPU.Build.0 = Debug|Any CPU
		{B78C70AB-777C-43A5-87FB-0F8EDCE20C8D}.Release|Any CPU.ActiveCfg = Release|Any CPU
		{B78C70AB-777C-43A5-87FB-0F8EDCE20C8D}.Release|Any CPU.Build.0 = Release|Any CPU
		{7BEDF2E4-5288-42F5-82E5-B4616E463F85}.Debug|Any CPU.ActiveCfg = Debug|Any CPU
		{7BEDF2E4-5288-42F5-82E5-B4616E463F85}.Debug|Any CPU.Build.0 = Debug|Any CPU
		{7BEDF2E4-5288-42F5-82E5-B4616E463F85}.Release|Any CPU.ActiveCfg = Release|Any CPU
		{7BEDF2E4-5288-42F5-82E5-B4616E463F85}.Release|Any CPU.Build.0 = Release|Any CPU
		{758089F1-24AD-4526-B26B-0A1BAD3C7C2A}.Debug|Any CPU.ActiveCfg = Debug|Any CPU
		{758089F1-24AD-4526-B26B-0A1BAD3C7C2A}.Debug|Any CPU.Build.0 = Debug|Any CPU
		{758089F1-24AD-4526-B26B-0A1BAD3C7C2A}.Release|Any CPU.ActiveCfg = Release|Any CPU
		{758089F1-24AD-4526-B26B-0A1BAD3C7C2A}.Release|Any CPU.Build.0 = Release|Any CPU
		{5E3C7A9A-6A85-4414-A77B-AB0C93ED0FC1}.Debug|Any CPU.ActiveCfg = Debug|Any CPU
		{5E3C7A9A-6A85-4414-A77B-AB0C93ED0FC1}.Debug|Any CPU.Build.0 = Debug|Any CPU
		{5E3C7A9A-6A85-4414-A77B-AB0C93ED0FC1}.Release|Any CPU.ActiveCfg = Release|Any CPU
		{5E3C7A9A-6A85-4414-A77B-AB0C93ED0FC1}.Release|Any CPU.Build.0 = Release|Any CPU
		{8DBB151C-236F-4E73-B4FD-EA374385B1A5}.Debug|Any CPU.ActiveCfg = Debug|Any CPU
		{8DBB151C-236F-4E73-B4FD-EA374385B1A5}.Debug|Any CPU.Build.0 = Debug|Any CPU
		{8DBB151C-236F-4E73-B4FD-EA374385B1A5}.Release|Any CPU.ActiveCfg = Release|Any CPU
		{8DBB151C-236F-4E73-B4FD-EA374385B1A5}.Release|Any CPU.Build.0 = Release|Any CPU
		{6250BD35-DC02-40C1-AD6D-E29F7A075AB7}.Debug|Any CPU.ActiveCfg = Debug|Any CPU
		{6250BD35-DC02-40C1-AD6D-E29F7A075AB7}.Debug|Any CPU.Build.0 = Debug|Any CPU
		{6250BD35-DC02-40C1-AD6D-E29F7A075AB7}.Release|Any CPU.ActiveCfg = Release|Any CPU
		{6250BD35-DC02-40C1-AD6D-E29F7A075AB7}.Release|Any CPU.Build.0 = Release|Any CPU
		{5DF5B59B-0639-48DE-A51D-806691697795}.Debug|Any CPU.ActiveCfg = Debug|Any CPU
		{5DF5B59B-0639-48DE-A51D-806691697795}.Debug|Any CPU.Build.0 = Debug|Any CPU
		{5DF5B59B-0639-48DE-A51D-806691697795}.Release|Any CPU.ActiveCfg = Release|Any CPU
		{5DF5B59B-0639-48DE-A51D-806691697795}.Release|Any CPU.Build.0 = Release|Any CPU
		{B3B2FF21-4608-41DB-8B7D-F883F5FD36EA}.Debug|Any CPU.ActiveCfg = Debug|Any CPU
		{B3B2FF21-4608-41DB-8B7D-F883F5FD36EA}.Debug|Any CPU.Build.0 = Debug|Any CPU
		{B3B2FF21-4608-41DB-8B7D-F883F5FD36EA}.Release|Any CPU.ActiveCfg = Release|Any CPU
		{B3B2FF21-4608-41DB-8B7D-F883F5FD36EA}.Release|Any CPU.Build.0 = Release|Any CPU
		{22FFBCBD-4915-44FD-BE9C-C6224E368D11}.Debug|Any CPU.ActiveCfg = Debug|Any CPU
		{22FFBCBD-4915-44FD-BE9C-C6224E368D11}.Debug|Any CPU.Build.0 = Debug|Any CPU
		{22FFBCBD-4915-44FD-BE9C-C6224E368D11}.Release|Any CPU.ActiveCfg = Release|Any CPU
		{22FFBCBD-4915-44FD-BE9C-C6224E368D11}.Release|Any CPU.Build.0 = Release|Any CPU
	EndGlobalSection
	GlobalSection(SolutionProperties) = preSolution
		HideSolutionNode = FALSE
	EndGlobalSection
	GlobalSection(NestedProjects) = preSolution
		{9198BBFF-F0CF-4743-8D49-0B5993A55FF3} = {C333494F-4307-45E5-8510-DA0DF24472F5}
		{BFAF582B-2A43-43BB-B161-BA32F1EC3B09} = {C333494F-4307-45E5-8510-DA0DF24472F5}
		{F09F5A37-EF16-4689-8078-A84007E15896} = {C333494F-4307-45E5-8510-DA0DF24472F5}
		{55974CDB-29F3-478D-8209-8C3E88D3E924} = {9198BBFF-F0CF-4743-8D49-0B5993A55FF3}
		{B87F4BA8-0790-49D1-80B3-F36888FCBAEF} = {9198BBFF-F0CF-4743-8D49-0B5993A55FF3}
		{3DCD96D6-DA98-4A84-B023-140AB71FC6A1} = {9198BBFF-F0CF-4743-8D49-0B5993A55FF3}
		{E81C801F-03E4-470A-A6D7-95DF2DC5FBDA} = {9198BBFF-F0CF-4743-8D49-0B5993A55FF3}
		{43CF92A5-AF2D-4AEC-9D7A-B0B7FECE7D6F} = {E81C801F-03E4-470A-A6D7-95DF2DC5FBDA}
		{CB5CCA78-B22B-4C19-9BFA-31F515EE95C3} = {F09F5A37-EF16-4689-8078-A84007E15896}
		{2362A8DB-BAB2-4136-A9E8-733E7D11409D} = {F09F5A37-EF16-4689-8078-A84007E15896}
		{1FA89183-D8E2-4990-AA56-B602E4CCC9BC} = {F09F5A37-EF16-4689-8078-A84007E15896}
		{DC509CD5-1864-4A6A-9E6A-AF2E822DC1D8} = {F09F5A37-EF16-4689-8078-A84007E15896}
		{7F3A9C4A-EBD4-4A09-BFB2-16294253954D} = {BFAF582B-2A43-43BB-B161-BA32F1EC3B09}
		{B78C70AB-777C-43A5-87FB-0F8EDCE20C8D} = {BFAF582B-2A43-43BB-B161-BA32F1EC3B09}
		{7BEDF2E4-5288-42F5-82E5-B4616E463F85} = {BFAF582B-2A43-43BB-B161-BA32F1EC3B09}
		{758089F1-24AD-4526-B26B-0A1BAD3C7C2A} = {BFAF582B-2A43-43BB-B161-BA32F1EC3B09}
		{5E3C7A9A-6A85-4414-A77B-AB0C93ED0FC1} = {9198BBFF-F0CF-4743-8D49-0B5993A55FF3}
		{8DBB151C-236F-4E73-B4FD-EA374385B1A5} = {884867B6-31BA-4D73-B7A9-A4BE5ED39D3D}
		{6250BD35-DC02-40C1-AD6D-E29F7A075AB7} = {884867B6-31BA-4D73-B7A9-A4BE5ED39D3D}
		{5DF5B59B-0639-48DE-A51D-806691697795} = {884867B6-31BA-4D73-B7A9-A4BE5ED39D3D}
		{B3B2FF21-4608-41DB-8B7D-F883F5FD36EA} = {9198BBFF-F0CF-4743-8D49-0B5993A55FF3}
		{22FFBCBD-4915-44FD-BE9C-C6224E368D11} = {9198BBFF-F0CF-4743-8D49-0B5993A55FF3}
	EndGlobalSection
EndGlobal
